
Microsoft Visual Studio Solution File, Format Version 12.00
# Visual Studio Version 16
VisualStudioVersion = 16.0.30413.136
MinimumVisualStudioVersion = 10.0.40219.1
Project("{FAE04EC0-301F-11D3-BF4B-00C04F79EFBC}") = "divisao", "divisao.csproj", "{1EA9F3B6-6A84-4255-BFFE-835F83951976}"
EndProject
Global
	GlobalSection(SolutionConfigurationPlatforms) = preSolution
		Debug|Any CPU = Debug|Any CPU
		Release|Any CPU = Release|Any CPU
	EndGlobalSection
	GlobalSection(ProjectConfigurationPlatforms) = postSolution
		{1EA9F3B6-6A84-4255-BFFE-835F83951976}.Debug|Any CPU.ActiveCfg = Debug|Any CPU
		{1EA9F3B6-6A84-4255-BFFE-835F83951976}.Debug|Any CPU.Build.0 = Debug|Any CPU
		{1EA9F3B6-6A84-4255-BFFE-835F83951976}.Release|Any CPU.ActiveCfg = Release|Any CPU
		{1EA9F3B6-6A84-4255-BFFE-835F83951976}.Release|Any CPU.Build.0 = Release|Any CPU
	EndGlobalSection
	GlobalSection(SolutionProperties) = preSolution
		HideSolutionNode = FALSE
	EndGlobalSection
	GlobalSection(ExtensibilityGlobals) = postSolution
		SolutionGuid = {63BCB412-B6E9-4105-9FDD-31FC6452E8C2}
	EndGlobalSection
EndGlobal
